// !$*UTF8*$!
{
	archiveVersion = 1;
	classes = {
	};
	objectVersion = 46;
	objects = {

/* Begin PBXBuildFile section */
		B40711FF1C008C0B00B75C53 /* UIImage+Extension.m in Sources */ = {isa = PBXBuildFile; fileRef = B40711FE1C008C0B00B75C53 /* UIImage+Extension.m */; };
		B43133361BFE166700EFCCB5 /* MyTabBarController.m in Sources */ = {isa = PBXBuildFile; fileRef = B43133351BFE166700EFCCB5 /* MyTabBarController.m */; };
		B45B3CEC1C03505C008DB301 /* HomeViewController.m in Sources */ = {isa = PBXBuildFile; fileRef = B45B3CEB1C03505C008DB301 /* HomeViewController.m */; };
		B45B3CEF1C03509C008DB301 /* MessageViewController.m in Sources */ = {isa = PBXBuildFile; fileRef = B45B3CEE1C03509C008DB301 /* MessageViewController.m */; };
		B45B3CF21C0350CE008DB301 /* DiscoverViewController.m in Sources */ = {isa = PBXBuildFile; fileRef = B45B3CF11C0350CE008DB301 /* DiscoverViewController.m */; };
		B45B3CF51C0350E5008DB301 /* ProfileViewController.m in Sources */ = {isa = PBXBuildFile; fileRef = B45B3CF41C0350E5008DB301 /* ProfileViewController.m */; };
		B45B3CF81C036607008DB301 /* MyNavigationController.m in Sources */ = {isa = PBXBuildFile; fileRef = B45B3CF71C036607008DB301 /* MyNavigationController.m */; };
		B472F1F31BF848AA00B7A977 /* main.m in Sources */ = {isa = PBXBuildFile; fileRef = B472F1F21BF848AA00B7A977 /* main.m */; };
		B472F1F61BF848AA00B7A977 /* AppDelegate.m in Sources */ = {isa = PBXBuildFile; fileRef = B472F1F51BF848AA00B7A977 /* AppDelegate.m */; };
		B472F1FE1BF848AA00B7A977 /* Assets.xcassets in Resources */ = {isa = PBXBuildFile; fileRef = B472F1FD1BF848AA00B7A977 /* Assets.xcassets */; };
		B472F2011BF848AA00B7A977 /* LaunchScreen.storyboard in Resources */ = {isa = PBXBuildFile; fileRef = B472F1FF1BF848AA00B7A977 /* LaunchScreen.storyboard */; };
		B472F20C1BF848AA00B7A977 /* git_learningTests.m in Sources */ = {isa = PBXBuildFile; fileRef = B472F20B1BF848AA00B7A977 /* git_learningTests.m */; };
		B472F2171BF848AA00B7A977 /* git_learningUITests.m in Sources */ = {isa = PBXBuildFile; fileRef = B472F2161BF848AA00B7A977 /* git_learningUITests.m */; };
/* End PBXBuildFile section */

/* Begin PBXContainerItemProxy section */
		B472F2081BF848AA00B7A977 /* PBXContainerItemProxy */ = {
			isa = PBXContainerItemProxy;
			containerPortal = B472F1E61BF848AA00B7A977 /* Project object */;
			proxyType = 1;
			remoteGlobalIDString = B472F1ED1BF848AA00B7A977;
			remoteInfo = git_learning;
		};
		B472F2131BF848AA00B7A977 /* PBXContainerItemProxy */ = {
			isa = PBXContainerItemProxy;
			containerPortal = B472F1E61BF848AA00B7A977 /* Project object */;
			proxyType = 1;
			remoteGlobalIDString = B472F1ED1BF848AA00B7A977;
			remoteInfo = git_learning;
		};
/* End PBXContainerItemProxy section */

/* Begin PBXFileReference section */
		B40711FD1C008C0B00B75C53 /* UIImage+Extension.h */ = {isa = PBXFileReference; fileEncoding = 4; lastKnownFileType = sourcecode.c.h; path = "UIImage+Extension.h"; sourceTree = "<group>"; };
		B40711FE1C008C0B00B75C53 /* UIImage+Extension.m */ = {isa = PBXFileReference; fileEncoding = 4; lastKnownFileType = sourcecode.c.objc; path = "UIImage+Extension.m"; sourceTree = "<group>"; };
		B43133341BFE166700EFCCB5 /* MyTabBarController.h */ = {isa = PBXFileReference; fileEncoding = 4; lastKnownFileType = sourcecode.c.h; path = MyTabBarController.h; sourceTree = "<group>"; };
		B43133351BFE166700EFCCB5 /* MyTabBarController.m */ = {isa = PBXFileReference; fileEncoding = 4; lastKnownFileType = sourcecode.c.objc; path = MyTabBarController.m; sourceTree = "<group>"; };
		B43133371BFE1D6200EFCCB5 /* git_learning.pch */ = {isa = PBXFileReference; lastKnownFileType = sourcecode.c.h; path = git_learning.pch; sourceTree = "<group>"; };
		B45B3CEA1C03505C008DB301 /* HomeViewController.h */ = {isa = PBXFileReference; fileEncoding = 4; lastKnownFileType = sourcecode.c.h; path = HomeViewController.h; sourceTree = "<group>"; };
		B45B3CEB1C03505C008DB301 /* HomeViewController.m */ = {isa = PBXFileReference; fileEncoding = 4; lastKnownFileType = sourcecode.c.objc; path = HomeViewController.m; sourceTree = "<group>"; };
		B45B3CED1C03509C008DB301 /* MessageViewController.h */ = {isa = PBXFileReference; fileEncoding = 4; lastKnownFileType = sourcecode.c.h; path = MessageViewController.h; sourceTree = "<group>"; };
		B45B3CEE1C03509C008DB301 /* MessageViewController.m */ = {isa = PBXFileReference; fileEncoding = 4; lastKnownFileType = sourcecode.c.objc; path = MessageViewController.m; sourceTree = "<group>"; };
		B45B3CF01C0350CE008DB301 /* DiscoverViewController.h */ = {isa = PBXFileReference; fileEncoding = 4; lastKnownFileType = sourcecode.c.h; path = DiscoverViewController.h; sourceTree = "<group>"; };
		B45B3CF11C0350CE008DB301 /* DiscoverViewController.m */ = {isa = PBXFileReference; fileEncoding = 4; lastKnownFileType = sourcecode.c.objc; path = DiscoverViewController.m; sourceTree = "<group>"; };
		B45B3CF31C0350E5008DB301 /* ProfileViewController.h */ = {isa = PBXFileReference; fileEncoding = 4; lastKnownFileType = sourcecode.c.h; path = ProfileViewController.h; sourceTree = "<group>"; };
		B45B3CF41C0350E5008DB301 /* ProfileViewController.m */ = {isa = PBXFileReference; fileEncoding = 4; lastKnownFileType = sourcecode.c.objc; path = ProfileViewController.m; sourceTree = "<group>"; };
		B45B3CF61C036607008DB301 /* MyNavigationController.h */ = {isa = PBXFileReference; fileEncoding = 4; lastKnownFileType = sourcecode.c.h; path = MyNavigationController.h; sourceTree = "<group>"; };
		B45B3CF71C036607008DB301 /* MyNavigationController.m */ = {isa = PBXFileReference; fileEncoding = 4; lastKnownFileType = sourcecode.c.objc; path = MyNavigationController.m; sourceTree = "<group>"; };
		B472F1EE1BF848AA00B7A977 /* git_learning.app */ = {isa = PBXFileReference; explicitFileType = wrapper.application; includeInIndex = 0; path = git_learning.app; sourceTree = BUILT_PRODUCTS_DIR; };
		B472F1F21BF848AA00B7A977 /* main.m */ = {isa = PBXFileReference; lastKnownFileType = sourcecode.c.objc; path = main.m; sourceTree = "<group>"; };
		B472F1F41BF848AA00B7A977 /* AppDelegate.h */ = {isa = PBXFileReference; lastKnownFileType = sourcecode.c.h; path = AppDelegate.h; sourceTree = "<group>"; };
		B472F1F51BF848AA00B7A977 /* AppDelegate.m */ = {isa = PBXFileReference; lastKnownFileType = sourcecode.c.objc; path = AppDelegate.m; sourceTree = "<group>"; };
		B472F1FD1BF848AA00B7A977 /* Assets.xcassets */ = {isa = PBXFileReference; lastKnownFileType = folder.assetcatalog; path = Assets.xcassets; sourceTree = "<group>"; };
		B472F2001BF848AA00B7A977 /* Base */ = {isa = PBXFileReference; lastKnownFileType = file.storyboard; name = Base; path = Base.lproj/LaunchScreen.storyboard; sourceTree = "<group>"; };
		B472F2021BF848AA00B7A977 /* Info.plist */ = {isa = PBXFileReference; lastKnownFileType = text.plist.xml; path = Info.plist; sourceTree = "<group>"; };
		B472F2071BF848AA00B7A977 /* git_learningTests.xctest */ = {isa = PBXFileReference; explicitFileType = wrapper.cfbundle; includeInIndex = 0; path = git_learningTests.xctest; sourceTree = BUILT_PRODUCTS_DIR; };
		B472F20B1BF848AA00B7A977 /* git_learningTests.m */ = {isa = PBXFileReference; lastKnownFileType = sourcecode.c.objc; path = git_learningTests.m; sourceTree = "<group>"; };
		B472F20D1BF848AA00B7A977 /* Info.plist */ = {isa = PBXFileReference; lastKnownFileType = text.plist.xml; path = Info.plist; sourceTree = "<group>"; };
		B472F2121BF848AA00B7A977 /* git_learningUITests.xctest */ = {isa = PBXFileReference; explicitFileType = wrapper.cfbundle; includeInIndex = 0; path = git_learningUITests.xctest; sourceTree = BUILT_PRODUCTS_DIR; };
		B472F2161BF848AA00B7A977 /* git_learningUITests.m */ = {isa = PBXFileReference; lastKnownFileType = sourcecode.c.objc; path = git_learningUITests.m; sourceTree = "<group>"; };
		B472F2181BF848AA00B7A977 /* Info.plist */ = {isa = PBXFileReference; lastKnownFileType = text.plist.xml; path = Info.plist; sourceTree = "<group>"; };
/* End PBXFileReference section */

/* Begin PBXFrameworksBuildPhase section */
		B472F1EB1BF848AA00B7A977 /* Frameworks */ = {
			isa = PBXFrameworksBuildPhase;
			buildActionMask = 2147483647;
			files = (
			);
			runOnlyForDeploymentPostprocessing = 0;
		};
		B472F2041BF848AA00B7A977 /* Frameworks */ = {
			isa = PBXFrameworksBuildPhase;
			buildActionMask = 2147483647;
			files = (
			);
			runOnlyForDeploymentPostprocessing = 0;
		};
		B472F20F1BF848AA00B7A977 /* Frameworks */ = {
			isa = PBXFrameworksBuildPhase;
			buildActionMask = 2147483647;
			files = (
			);
			runOnlyForDeploymentPostprocessing = 0;
		};
/* End PBXFrameworksBuildPhase section */

/* Begin PBXGroup section */
		B416EA331BFACEF10011C03B /* Classes */ = {
			isa = PBXGroup;
			children = (
				B416EA381BFACEF10011C03B /* Home */,
				B416EA421BFACEF10011C03B /* Message */,
				B416EA341BFACEF10011C03B /* Discover */,
				B416EA461BFACEF10011C03B /* Profile */,
				B416EA3C1BFACEF10011C03B /* Main */,
			);
			name = Classes;
			path = git_learning/Classes;
			sourceTree = "<group>";
		};
		B416EA341BFACEF10011C03B /* Discover */ = {
			isa = PBXGroup;
			children = (
				B416EA351BFACEF10011C03B /* Controller */,
				B416EA361BFACEF10011C03B /* Model */,
				B416EA371BFACEF10011C03B /* View */,
			);
			path = Discover;
			sourceTree = "<group>";
		};
		B416EA351BFACEF10011C03B /* Controller */ = {
			isa = PBXGroup;
			children = (
				B45B3CF01C0350CE008DB301 /* DiscoverViewController.h */,
				B45B3CF11C0350CE008DB301 /* DiscoverViewController.m */,
			);
			path = Controller;
			sourceTree = "<group>";
		};
		B416EA361BFACEF10011C03B /* Model */ = {
			isa = PBXGroup;
			children = (
			);
			path = Model;
			sourceTree = "<group>";
		};
		B416EA371BFACEF10011C03B /* View */ = {
			isa = PBXGroup;
			children = (
			);
			path = View;
			sourceTree = "<group>";
		};
		B416EA381BFACEF10011C03B /* Home */ = {
			isa = PBXGroup;
			children = (
				B416EA391BFACEF10011C03B /* Controller */,
				B416EA3A1BFACEF10011C03B /* Model */,
				B416EA3B1BFACEF10011C03B /* View */,
			);
			path = Home;
			sourceTree = "<group>";
		};
		B416EA391BFACEF10011C03B /* Controller */ = {
			isa = PBXGroup;
			children = (
				B45B3CEA1C03505C008DB301 /* HomeViewController.h */,
				B45B3CEB1C03505C008DB301 /* HomeViewController.m */,
			);
			path = Controller;
			sourceTree = "<group>";
		};
		B416EA3A1BFACEF10011C03B /* Model */ = {
			isa = PBXGroup;
			children = (
			);
			path = Model;
			sourceTree = "<group>";
		};
		B416EA3B1BFACEF10011C03B /* View */ = {
			isa = PBXGroup;
			children = (
			);
			path = View;
			sourceTree = "<group>";
		};
		B416EA3C1BFACEF10011C03B /* Main */ = {
			isa = PBXGroup;
			children = (
				B416EA3D1BFACEF10011C03B /* Category */,
				B416EA3E1BFACEF10011C03B /* Controller */,
				B416EA3F1BFACEF10011C03B /* Model */,
				B416EA401BFACEF10011C03B /* Other */,
				B416EA411BFACEF10011C03B /* View */,
			);
			path = Main;
			sourceTree = "<group>";
		};
		B416EA3D1BFACEF10011C03B /* Category */ = {
			isa = PBXGroup;
			children = (
				B40711FD1C008C0B00B75C53 /* UIImage+Extension.h */,
				B40711FE1C008C0B00B75C53 /* UIImage+Extension.m */,
			);
			path = Category;
			sourceTree = "<group>";
		};
		B416EA3E1BFACEF10011C03B /* Controller */ = {
			isa = PBXGroup;
			children = (
				B43133341BFE166700EFCCB5 /* MyTabBarController.h */,
				B43133351BFE166700EFCCB5 /* MyTabBarController.m */,
				B45B3CF61C036607008DB301 /* MyNavigationController.h */,
				B45B3CF71C036607008DB301 /* MyNavigationController.m */,
			);
			path = Controller;
			sourceTree = "<group>";
		};
		B416EA3F1BFACEF10011C03B /* Model */ = {
			isa = PBXGroup;
			children = (
			);
			path = Model;
			sourceTree = "<group>";
		};
		B416EA401BFACEF10011C03B /* Other */ = {
			isa = PBXGroup;
			children = (
			);
			path = Other;
			sourceTree = "<group>";
		};
		B416EA411BFACEF10011C03B /* View */ = {
			isa = PBXGroup;
			children = (
			);
			path = View;
			sourceTree = "<group>";
		};
		B416EA421BFACEF10011C03B /* Message */ = {
			isa = PBXGroup;
			children = (
				B416EA431BFACEF10011C03B /* Controller */,
				B416EA441BFACEF10011C03B /* Model */,
				B416EA451BFACEF10011C03B /* View */,
			);
			path = Message;
			sourceTree = "<group>";
		};
		B416EA431BFACEF10011C03B /* Controller */ = {
			isa = PBXGroup;
			children = (
				B45B3CED1C03509C008DB301 /* MessageViewController.h */,
				B45B3CEE1C03509C008DB301 /* MessageViewController.m */,
			);
			path = Controller;
			sourceTree = "<group>";
		};
		B416EA441BFACEF10011C03B /* Model */ = {
			isa = PBXGroup;
			children = (
			);
			path = Model;
			sourceTree = "<group>";
		};
		B416EA451BFACEF10011C03B /* View */ = {
			isa = PBXGroup;
			children = (
			);
			path = View;
			sourceTree = "<group>";
		};
		B416EA461BFACEF10011C03B /* Profile */ = {
			isa = PBXGroup;
			children = (
				B416EA471BFACEF10011C03B /* Controller */,
				B416EA481BFACEF10011C03B /* Model */,
				B416EA491BFACEF10011C03B /* View */,
			);
			path = Profile;
			sourceTree = "<group>";
		};
		B416EA471BFACEF10011C03B /* Controller */ = {
			isa = PBXGroup;
			children = (
				B45B3CF31C0350E5008DB301 /* ProfileViewController.h */,
				B45B3CF41C0350E5008DB301 /* ProfileViewController.m */,
			);
			path = Controller;
			sourceTree = "<group>";
		};
		B416EA481BFACEF10011C03B /* Model */ = {
			isa = PBXGroup;
			children = (
			);
			path = Model;
			sourceTree = "<group>";
		};
		B416EA491BFACEF10011C03B /* View */ = {
			isa = PBXGroup;
			children = (
			);
			path = View;
			sourceTree = "<group>";
		};
		B472F1E51BF848AA00B7A977 = {
			isa = PBXGroup;
			children = (
				B416EA331BFACEF10011C03B /* Classes */,
				B472F1F01BF848AA00B7A977 /* git_learning */,
				B472F20A1BF848AA00B7A977 /* git_learningTests */,
				B472F2151BF848AA00B7A977 /* git_learningUITests */,
				B472F1EF1BF848AA00B7A977 /* Products */,
			);
			sourceTree = "<group>";
		};
		B472F1EF1BF848AA00B7A977 /* Products */ = {
			isa = PBXGroup;
			children = (
				B472F1EE1BF848AA00B7A977 /* git_learning.app */,
				B472F2071BF848AA00B7A977 /* git_learningTests.xctest */,
				B472F2121BF848AA00B7A977 /* git_learningUITests.xctest */,
			);
			name = Products;
			sourceTree = "<group>";
		};
		B472F1F01BF848AA00B7A977 /* git_learning */ = {
			isa = PBXGroup;
			children = (
				B472F1F41BF848AA00B7A977 /* AppDelegate.h */,
				B472F1F51BF848AA00B7A977 /* AppDelegate.m */,
				B472F1FD1BF848AA00B7A977 /* Assets.xcassets */,
				B472F1FF1BF848AA00B7A977 /* LaunchScreen.storyboard */,
				B472F2021BF848AA00B7A977 /* Info.plist */,
				B472F1F11BF848AA00B7A977 /* Supporting Files */,
			);
			path = git_learning;
			sourceTree = "<group>";
		};
		B472F1F11BF848AA00B7A977 /* Supporting Files */ = {
			isa = PBXGroup;
			children = (
				B472F1F21BF848AA00B7A977 /* main.m */,
				B43133371BFE1D6200EFCCB5 /* git_learning.pch */,
			);
			name = "Supporting Files";
			sourceTree = "<group>";
		};
		B472F20A1BF848AA00B7A977 /* git_learningTests */ = {
			isa = PBXGroup;
			children = (
				B472F20B1BF848AA00B7A977 /* git_learningTests.m */,
				B472F20D1BF848AA00B7A977 /* Info.plist */,
			);
			path = git_learningTests;
			sourceTree = "<group>";
		};
		B472F2151BF848AA00B7A977 /* git_learningUITests */ = {
			isa = PBXGroup;
			children = (
				B472F2161BF848AA00B7A977 /* git_learningUITests.m */,
				B472F2181BF848AA00B7A977 /* Info.plist */,
			);
			path = git_learningUITests;
			sourceTree = "<group>";
		};
/* End PBXGroup section */

/* Begin PBXNativeTarget section */
		B472F1ED1BF848AA00B7A977 /* git_learning */ = {
			isa = PBXNativeTarget;
			buildConfigurationList = B472F21B1BF848AA00B7A977 /* Build configuration list for PBXNativeTarget "git_learning" */;
			buildPhases = (
				B472F1EA1BF848AA00B7A977 /* Sources */,
				B472F1EB1BF848AA00B7A977 /* Frameworks */,
				B472F1EC1BF848AA00B7A977 /* Resources */,
			);
			buildRules = (
			);
			dependencies = (
			);
			name = git_learning;
			productName = git_learning;
			productReference = B472F1EE1BF848AA00B7A977 /* git_learning.app */;
			productType = "com.apple.product-type.application";
		};
		B472F2061BF848AA00B7A977 /* git_learningTests */ = {
			isa = PBXNativeTarget;
			buildConfigurationList = B472F21E1BF848AA00B7A977 /* Build configuration list for PBXNativeTarget "git_learningTests" */;
			buildPhases = (
				B472F2031BF848AA00B7A977 /* Sources */,
				B472F2041BF848AA00B7A977 /* Frameworks */,
				B472F2051BF848AA00B7A977 /* Resources */,
			);
			buildRules = (
			);
			dependencies = (
				B472F2091BF848AA00B7A977 /* PBXTargetDependency */,
			);
			name = git_learningTests;
			productName = git_learningTests;
			productReference = B472F2071BF848AA00B7A977 /* git_learningTests.xctest */;
			productType = "com.apple.product-type.bundle.unit-test";
		};
		B472F2111BF848AA00B7A977 /* git_learningUITests */ = {
			isa = PBXNativeTarget;
			buildConfigurationList = B472F2211BF848AA00B7A977 /* Build configuration list for PBXNativeTarget "git_learningUITests" */;
			buildPhases = (
				B472F20E1BF848AA00B7A977 /* Sources */,
				B472F20F1BF848AA00B7A977 /* Frameworks */,
				B472F2101BF848AA00B7A977 /* Resources */,
			);
			buildRules = (
			);
			dependencies = (
				B472F2141BF848AA00B7A977 /* PBXTargetDependency */,
			);
			name = git_learningUITests;
			productName = git_learningUITests;
			productReference = B472F2121BF848AA00B7A977 /* git_learningUITests.xctest */;
			productType = "com.apple.product-type.bundle.ui-testing";
		};
/* End PBXNativeTarget section */

/* Begin PBXProject section */
		B472F1E61BF848AA00B7A977 /* Project object */ = {
			isa = PBXProject;
			attributes = {
				LastUpgradeCheck = 0710;
				ORGANIZATIONNAME = chenjiajia;
				TargetAttributes = {
					B472F1ED1BF848AA00B7A977 = {
						CreatedOnToolsVersion = 7.1.1;
					};
					B472F2061BF848AA00B7A977 = {
						CreatedOnToolsVersion = 7.1.1;
						TestTargetID = B472F1ED1BF848AA00B7A977;
					};
					B472F2111BF848AA00B7A977 = {
						CreatedOnToolsVersion = 7.1.1;
						TestTargetID = B472F1ED1BF848AA00B7A977;
					};
				};
			};
			buildConfigurationList = B472F1E91BF848AA00B7A977 /* Build configuration list for PBXProject "git_learning" */;
			compatibilityVersion = "Xcode 3.2";
			developmentRegion = English;
			hasScannedForEncodings = 0;
			knownRegions = (
				en,
				Base,
			);
			mainGroup = B472F1E51BF848AA00B7A977;
			productRefGroup = B472F1EF1BF848AA00B7A977 /* Products */;
			projectDirPath = "";
			projectRoot = "";
			targets = (
				B472F1ED1BF848AA00B7A977 /* git_learning */,
				B472F2061BF848AA00B7A977 /* git_learningTests */,
				B472F2111BF848AA00B7A977 /* git_learningUITests */,
			);
		};
/* End PBXProject section */

/* Begin PBXResourcesBuildPhase section */
		B472F1EC1BF848AA00B7A977 /* Resources */ = {
			isa = PBXResourcesBuildPhase;
			buildActionMask = 2147483647;
			files = (
				B472F2011BF848AA00B7A977 /* LaunchScreen.storyboard in Resources */,
				B472F1FE1BF848AA00B7A977 /* Assets.xcassets in Resources */,
			);
			runOnlyForDeploymentPostprocessing = 0;
		};
		B472F2051BF848AA00B7A977 /* Resources */ = {
			isa = PBXResourcesBuildPhase;
			buildActionMask = 2147483647;
			files = (
			);
			runOnlyForDeploymentPostprocessing = 0;
		};
		B472F2101BF848AA00B7A977 /* Resources */ = {
			isa = PBXResourcesBuildPhase;
			buildActionMask = 2147483647;
			files = (
			);
			runOnlyForDeploymentPostprocessing = 0;
		};
/* End PBXResourcesBuildPhase section */

/* Begin PBXSourcesBuildPhase section */
		B472F1EA1BF848AA00B7A977 /* Sources */ = {
			isa = PBXSourcesBuildPhase;
			buildActionMask = 2147483647;
			files = (
				B472F1F61BF848AA00B7A977 /* AppDelegate.m in Sources */,
				B45B3CF21C0350CE008DB301 /* DiscoverViewController.m in Sources */,
				B45B3CF51C0350E5008DB301 /* ProfileViewController.m in Sources */,
				B45B3CF81C036607008DB301 /* MyNavigationController.m in Sources */,
				B472F1F31BF848AA00B7A977 /* main.m in Sources */,
				B40711FF1C008C0B00B75C53 /* UIImage+Extension.m in Sources */,
				B43133361BFE166700EFCCB5 /* MyTabBarController.m in Sources */,
				B45B3CEF1C03509C008DB301 /* MessageViewController.m in Sources */,
				B45B3CEC1C03505C008DB301 /* HomeViewController.m in Sources */,
			);
			runOnlyForDeploymentPostprocessing = 0;
		};
		B472F2031BF848AA00B7A977 /* Sources */ = {
			isa = PBXSourcesBuildPhase;
			buildActionMask = 2147483647;
			files = (
				B472F20C1BF848AA00B7A977 /* git_learningTests.m in Sources */,
			);
			runOnlyForDeploymentPostprocessing = 0;
		};
		B472F20E1BF848AA00B7A977 /* Sources */ = {
			isa = PBXSourcesBuildPhase;
			buildActionMask = 2147483647;
			files = (
				B472F2171BF848AA00B7A977 /* git_learningUITests.m in Sources */,
			);
			runOnlyForDeploymentPostprocessing = 0;
		};
/* End PBXSourcesBuildPhase section */

/* Begin PBXTargetDependency section */
		B472F2091BF848AA00B7A977 /* PBXTargetDependency */ = {
			isa = PBXTargetDependency;
			target = B472F1ED1BF848AA00B7A977 /* git_learning */;
			targetProxy = B472F2081BF848AA00B7A977 /* PBXContainerItemProxy */;
		};
		B472F2141BF848AA00B7A977 /* PBXTargetDependency */ = {
			isa = PBXTargetDependency;
			target = B472F1ED1BF848AA00B7A977 /* git_learning */;
			targetProxy = B472F2131BF848AA00B7A977 /* PBXContainerItemProxy */;
		};
/* End PBXTargetDependency section */

/* Begin PBXVariantGroup section */
		B472F1FF1BF848AA00B7A977 /* LaunchScreen.storyboard */ = {
			isa = PBXVariantGroup;
			children = (
				B472F2001BF848AA00B7A977 /* Base */,
			);
			name = LaunchScreen.storyboard;
			sourceTree = "<group>";
		};
/* End PBXVariantGroup section */

/* Begin XCBuildConfiguration section */
		B472F2191BF848AA00B7A977 /* Debug */ = {
			isa = XCBuildConfiguration;
			buildSettings = {
				ALWAYS_SEARCH_USER_PATHS = NO;
				CLANG_CXX_LANGUAGE_STANDARD = "gnu++0x";
				CLANG_CXX_LIBRARY = "libc++";
				CLANG_ENABLE_MODULES = YES;
				CLANG_ENABLE_OBJC_ARC = YES;
				CLANG_WARN_BOOL_CONVERSION = YES;
				CLANG_WARN_CONSTANT_CONVERSION = YES;
				CLANG_WARN_DIRECT_OBJC_ISA_USAGE = YES_ERROR;
				CLANG_WARN_EMPTY_BODY = YES;
				CLANG_WARN_ENUM_CONVERSION = YES;
				CLANG_WARN_INT_CONVERSION = YES;
				CLANG_WARN_OBJC_ROOT_CLASS = YES_ERROR;
				CLANG_WARN_UNREACHABLE_CODE = YES;
				CLANG_WARN__DUPLICATE_METHOD_MATCH = YES;
				CODE_SIGN_IDENTITY = "iPhone Developer";
				"CODE_SIGN_IDENTITY[sdk=iphoneos*]" = "iPhone Developer";
				COPY_PHASE_STRIP = NO;
				DEBUG_INFORMATION_FORMAT = dwarf;
				ENABLE_STRICT_OBJC_MSGSEND = YES;
				ENABLE_TESTABILITY = YES;
				GCC_C_LANGUAGE_STANDARD = gnu99;
				GCC_DYNAMIC_NO_PIC = NO;
				GCC_NO_COMMON_BLOCKS = YES;
				GCC_OPTIMIZATION_LEVEL = 0;
				GCC_PREPROCESSOR_DEFINITIONS = (
					"DEBUG=1",
					"$(inherited)",
				);
				GCC_WARN_64_TO_32_BIT_CONVERSION = YES;
				GCC_WARN_ABOUT_RETURN_TYPE = YES_ERROR;
				GCC_WARN_UNDECLARED_SELECTOR = YES;
				GCC_WARN_UNINITIALIZED_AUTOS = YES_AGGRESSIVE;
				GCC_WARN_UNUSED_FUNCTION = YES;
				GCC_WARN_UNUSED_VARIABLE = YES;
				IPHONEOS_DEPLOYMENT_TARGET = 9.1;
				MTL_ENABLE_DEBUG_INFO = YES;
				ONLY_ACTIVE_ARCH = YES;
				SDKROOT = iphoneos;
			};
			name = Debug;
		};
		B472F21A1BF848AA00B7A977 /* Release */ = {
			isa = XCBuildConfiguration;
			buildSettings = {
				ALWAYS_SEARCH_USER_PATHS = NO;
				CLANG_CXX_LANGUAGE_STANDARD = "gnu++0x";
				CLANG_CXX_LIBRARY = "libc++";
				CLANG_ENABLE_MODULES = YES;
				CLANG_ENABLE_OBJC_ARC = YES;
				CLANG_WARN_BOOL_CONVERSION = YES;
				CLANG_WARN_CONSTANT_CONVERSION = YES;
				CLANG_WARN_DIRECT_OBJC_ISA_USAGE = YES_ERROR;
				CLANG_WARN_EMPTY_BODY = YES;
				CLANG_WARN_ENUM_CONVERSION = YES;
				CLANG_WARN_INT_CONVERSION = YES;
				CLANG_WARN_OBJC_ROOT_CLASS = YES_ERROR;
				CLANG_WARN_UNREACHABLE_CODE = YES;
				CLANG_WARN__DUPLICATE_METHOD_MATCH = YES;
				CODE_SIGN_IDENTITY = "iPhone Developer";
				"CODE_SIGN_IDENTITY[sdk=iphoneos*]" = "iPhone Developer";
				COPY_PHASE_STRIP = NO;
				DEBUG_INFORMATION_FORMAT = "dwarf-with-dsym";
				ENABLE_NS_ASSERTIONS = NO;
				ENABLE_STRICT_OBJC_MSGSEND = YES;
				GCC_C_LANGUAGE_STANDARD = gnu99;
				GCC_NO_COMMON_BLOCKS = YES;
				GCC_WARN_64_TO_32_BIT_CONVERSION = YES;
				GCC_WARN_ABOUT_RETURN_TYPE = YES_ERROR;
				GCC_WARN_UNDECLARED_SELECTOR = YES;
				GCC_WARN_UNINITIALIZED_AUTOS = YES_AGGRESSIVE;
				GCC_WARN_UNUSED_FUNCTION = YES;
				GCC_WARN_UNUSED_VARIABLE = YES;
				IPHONEOS_DEPLOYMENT_TARGET = 9.1;
				MTL_ENABLE_DEBUG_INFO = NO;
				SDKROOT = iphoneos;
				VALIDATE_PRODUCT = YES;
			};
			name = Release;
		};
		B472F21C1BF848AA00B7A977 /* Debug */ = {
			isa = XCBuildConfiguration;
			buildSettings = {
				ASSETCATALOG_COMPILER_APPICON_NAME = AppIcon;
				GCC_PREFIX_HEADER = "$(SRCROOT)/git_learning/git_learning.pch";
				INFOPLIST_FILE = git_learning/Info.plist;
				IPHONEOS_DEPLOYMENT_TARGET = 7.0;
				LD_RUNPATH_SEARCH_PATHS = "$(inherited) @executable_path/Frameworks";
				PRODUCT_BUNDLE_IDENTIFIER = "RJ.git-learning";
				PRODUCT_NAME = "$(TARGET_NAME)";
			};
			name = Debug;
		};
		B472F21D1BF848AA00B7A977 /* Release */ = {
			isa = XCBuildConfiguration;
			buildSettings = {
				ASSETCATALOG_COMPILER_APPICON_NAME = AppIcon;
				GCC_PREFIX_HEADER = "$(SRCROOT)/git_learning/git_learning.pch";
				INFOPLIST_FILE = git_learning/Info.plist;
				IPHONEOS_DEPLOYMENT_TARGET = 7.0;
				LD_RUNPATH_SEARCH_PATHS = "$(inherited) @executable_path/Frameworks";
				PRODUCT_BUNDLE_IDENTIFIER = "RJ.git-learning";
				PRODUCT_NAME = "$(TARGET_NAME)";
			};
			name = Release;
		};
		B472F21F1BF848AA00B7A977 /* Debug */ = {
			isa = XCBuildConfiguration;
			buildSettings = {
				BUNDLE_LOADER = "$(TEST_HOST)";
				INFOPLIST_FILE = git_learningTests/Info.plist;
				LD_RUNPATH_SEARCH_PATHS = "$(inherited) @executable_path/Frameworks @loader_path/Frameworks";
				PRODUCT_BUNDLE_IDENTIFIER = "RJ.git-learningTests";
				PRODUCT_NAME = "$(TARGET_NAME)";
				TEST_HOST = "$(BUILT_PRODUCTS_DIR)/git_learning.app/git_learning";
			};
			name = Debug;
		};
		B472F2201BF848AA00B7A977 /* Release */ = {
			isa = XCBuildConfiguration;
			buildSettings = {
				BUNDLE_LOADER = "$(TEST_HOST)";
				INFOPLIST_FILE = git_learningTests/Info.plist;
				LD_RUNPATH_SEARCH_PATHS = "$(inherited) @executable_path/Frameworks @loader_path/Frameworks";
				PRODUCT_BUNDLE_IDENTIFIER = "RJ.git-learningTests";
				PRODUCT_NAME = "$(TARGET_NAME)";
				TEST_HOST = "$(BUILT_PRODUCTS_DIR)/git_learning.app/git_learning";
			};
			name = Release;
		};
		B472F2221BF848AA00B7A977 /* Debug */ = {
			isa = XCBuildConfiguration;
			buildSettings = {
				INFOPLIST_FILE = git_learningUITests/Info.plist;
				LD_RUNPATH_SEARCH_PATHS = "$(inherited) @executable_path/Frameworks @loader_path/Frameworks";
				PRODUCT_BUNDLE_IDENTIFIER = "RJ.git-learningUITests";
				PRODUCT_NAME = "$(TARGET_NAME)";
				TEST_TARGET_NAME = git_learning;
				USES_XCTRUNNER = YES;
			};
			name = Debug;
		};
		B472F2231BF848AA00B7A977 /* Release */ = {
			isa = XCBuildConfiguration;
			buildSettings = {
				INFOPLIST_FILE = git_learningUITests/Info.plist;
				LD_RUNPATH_SEARCH_PATHS = "$(inherited) @executable_path/Frameworks @loader_path/Frameworks";
				PRODUCT_BUNDLE_IDENTIFIER = "RJ.git-learningUITests";
				PRODUCT_NAME = "$(TARGET_NAME)";
				TEST_TARGET_NAME = git_learning;
				USES_XCTRUNNER = YES;
			};
			name = Release;
		};
/* End XCBuildConfiguration section */

/* Begin XCConfigurationList section */
		B472F1E91BF848AA00B7A977 /* Build configuration list for PBXProject "git_learning" */ = {
			isa = XCConfigurationList;
			buildConfigurations = (
				B472F2191BF848AA00B7A977 /* Debug */,
				B472F21A1BF848AA00B7A977 /* Release */,
			);
			defaultConfigurationIsVisible = 0;
			defaultConfigurationName = Release;
		};
		B472F21B1BF848AA00B7A977 /* Build configuration list for PBXNativeTarget "git_learning" */ = {
			isa = XCConfigurationList;
			buildConfigurations = (
				B472F21C1BF848AA00B7A977 /* Debug */,
				B472F21D1BF848AA00B7A977 /* Release */,
			);
			defaultConfigurationIsVisible = 0;
			defaultConfigurationName = Release;
		};
		B472F21E1BF848AA00B7A977 /* Build configuration list for PBXNativeTarget "git_learningTests" */ = {
			isa = XCConfigurationList;
			buildConfigurations = (
				B472F21F1BF848AA00B7A977 /* Debug */,
				B472F2201BF848AA00B7A977 /* Release */,
			);
			defaultConfigurationIsVisible = 0;
			defaultConfigurationName = Release;
		};
		B472F2211BF848AA00B7A977 /* Build configuration list for PBXNativeTarget "git_learningUITests" */ = {
			isa = XCConfigurationList;
			buildConfigurations = (
				B472F2221BF848AA00B7A977 /* Debug */,
				B472F2231BF848AA00B7A977 /* Release */,
			);
			defaultConfigurationIsVisible = 0;
			defaultConfigurationName = Release;
		};
/* End XCConfigurationList section */
	};
	rootObject = B472F1E61BF848AA00B7A977 /* Project object */;
}
